
Microsoft Visual Studio Solution File, Format Version 12.00
# Visual Studio Version 16
VisualStudioVersion = 16.0.809.0
MinimumVisualStudioVersion = 10.0.40219.1
Project("{FAE04EC0-301F-11D3-BF4B-00C04F79EFBC}") = "ForumLibrary", "ForumLibrary\ForumLibrary.csproj", "{13D731A3-88F8-48CF-A2D1-5A2CC570B48E}"
EndProject
Project("{FAE04EC0-301F-11D3-BF4B-00C04F79EFBC}") = "ForumUI", "ForumUI\ForumUI.csproj", "{719BFC77-E7BF-4B38-A922-DB775E262E44}"
EndProject
Global
	GlobalSection(SolutionConfigurationPlatforms) = preSolution
		Debug|Any CPU = Debug|Any CPU
		Release|Any CPU = Release|Any CPU
	EndGlobalSection
	GlobalSection(ProjectConfigurationPlatforms) = postSolution
		{13D731A3-88F8-48CF-A2D1-5A2CC570B48E}.Debug|Any CPU.ActiveCfg = Debug|Any CPU
		{13D731A3-88F8-48CF-A2D1-5A2CC570B48E}.Debug|Any CPU.Build.0 = Debug|Any CPU
		{13D731A3-88F8-48CF-A2D1-5A2CC570B48E}.Release|Any CPU.ActiveCfg = Release|Any CPU
		{13D731A3-88F8-48CF-A2D1-5A2CC570B48E}.Release|Any CPU.Build.0 = Release|Any CPU
		{719BFC77-E7BF-4B38-A922-DB775E262E44}.Debug|Any CPU.ActiveCfg = Debug|Any CPU
		{719BFC77-E7BF-4B38-A922-DB775E262E44}.Debug|Any CPU.Build.0 = Debug|Any CPU
		{719BFC77-E7BF-4B38-A922-DB775E262E44}.Release|Any CPU.ActiveCfg = Release|Any CPU
		{719BFC77-E7BF-4B38-A922-DB775E262E44}.Release|Any CPU.Build.0 = Release|Any CPU
	EndGlobalSection
	GlobalSection(SolutionProperties) = preSolution
		HideSolutionNode = FALSE
	EndGlobalSection
	GlobalSection(ExtensibilityGlobals) = postSolution
		SolutionGuid = {26FC937E-0D51-40DE-8B9D-5A3AB30D2E58}
	EndGlobalSection
EndGlobal
